// !$*UTF8*$!
{
	archiveVersion = 1;
	classes = {
	};
	objectVersion = 77;
	objects = {

/* Begin PBXBuildFile section */
		29F5AD74EFB1A9F0A8587DC9 /* KeychainStore.swift in Sources */ = {isa = PBXBuildFile; fileRef = 97C744E15F58E4574715970B /* KeychainStore.swift */; };
		2A91AFDE4F278B2E05354CC3 /* KeychainStoreTests.swift in Sources */ = {isa = PBXBuildFile; fileRef = 3600925B28660DF78FB48A6B /* KeychainStoreTests.swift */; };
		2C017E68F73080A3E7306C66 /* AuthView.swift in Sources */ = {isa = PBXBuildFile; fileRef = 6B629BCB6E7FCF0BC8DDFB7D /* AuthView.swift */; };
		31BE7ED40C43FB88267BEDBC /* APIClientTests.swift in Sources */ = {isa = PBXBuildFile; fileRef = 3F64003E390A7F8F10F9BB18 /* APIClientTests.swift */; };
		61635980CA8018728E3F89B9 /* ComposeView.swift in Sources */ = {isa = PBXBuildFile; fileRef = F2A623164FBB6EC6ABEF83DE /* ComposeView.swift */; };
		76A43811CF5F639C4BDBE7C9 /* MultipartBuilder.swift in Sources */ = {isa = PBXBuildFile; fileRef = FDC63C6915C1FD3770502B0F /* MultipartBuilder.swift */; };
		7704756A69F74DCCF3F5A0FE /* URLSessionProtocol.swift in Sources */ = {isa = PBXBuildFile; fileRef = A852209DA1778186EEC7EC91 /* URLSessionProtocol.swift */; };
		788571CB35E012AEECC5A251 /* MessageStore.swift in Sources */ = {isa = PBXBuildFile; fileRef = 55646081233D23F575A8940C /* MessageStore.swift */; };
		86A451498B1DD566A3198558 /* ReceiptFaxApp.swift in Sources */ = {isa = PBXBuildFile; fileRef = EE0FBABB2F65DD0270AD35E9 /* ReceiptFaxApp.swift */; };
		8F220CFC8AF8140A44F83AEE /* MockURLSession.swift in Sources */ = {isa = PBXBuildFile; fileRef = E464B32AFD500155F41945BC /* MockURLSession.swift */; };
		9EF167CADA75392065C8D749 /* ContentView.swift in Sources */ = {isa = PBXBuildFile; fileRef = 932125961F3051C39C942B9A /* ContentView.swift */; };
		A70EA7465B19EF7FC551EB8F /* APIClient+Messages.swift in Sources */ = {isa = PBXBuildFile; fileRef = EFFC7A8DA90C5538CA56DFAE /* APIClient+Messages.swift */; };
		AF06551AA17DEA53A33AF6B3 /* APIError.swift in Sources */ = {isa = PBXBuildFile; fileRef = 2CACC9F9F2C33FD63B887409 /* APIError.swift */; };
		B5DC3BBD2F0BBFD74C5A5FA5 /* ReceiptPreview.swift in Sources */ = {isa = PBXBuildFile; fileRef = C329CEDA2628DB04B5B3F2F6 /* ReceiptPreview.swift */; };
		BA4DC6B72CA7D97D95B491DF /* APIClient.swift in Sources */ = {isa = PBXBuildFile; fileRef = DDF1A85117A395B340C86BE5 /* APIClient.swift */; };
		CB7F080714EEEC6F4ED4019B /* APIClient+Devices.swift in Sources */ = {isa = PBXBuildFile; fileRef = EF4B8BBE661438DEA83D9D56 /* APIClient+Devices.swift */; };
		CEB4CE501A0C8A888E4DEBA5 /* ComposeViewModelTests.swift in Sources */ = {isa = PBXBuildFile; fileRef = 0B33F10E2DD5F37BA0C71720 /* ComposeViewModelTests.swift */; };
		CFC8E3FE3A1F0584911BC1CA /* APIClient+Auth.swift in Sources */ = {isa = PBXBuildFile; fileRef = FFFB52A4BDF5E2508DDA1A64 /* APIClient+Auth.swift */; };
		D03176FC8B6C380E9D611809 /* FormattingToolbar.swift in Sources */ = {isa = PBXBuildFile; fileRef = 215345995B057368C11908B7 /* FormattingToolbar.swift */; };
		DB429D5F116C8C049AA1E419 /* OnboardingView.swift in Sources */ = {isa = PBXBuildFile; fileRef = 49C982380A78FC5C9C576935 /* OnboardingView.swift */; };
		DBF8A1A84B56657C1750E781 /* ComposeViewModel.swift in Sources */ = {isa = PBXBuildFile; fileRef = 487FF9E43BEA0BC7DCFB775B /* ComposeViewModel.swift */; };
		F444B2640D6D4066253226EC /* Models.swift in Sources */ = {isa = PBXBuildFile; fileRef = DBE7E5DD1AEC0C8D4346BE80 /* Models.swift */; };
		FB8727BF493F6AAABC0DC122 /* AppState.swift in Sources */ = {isa = PBXBuildFile; fileRef = 7F140C968A99B8D4C3B0833E /* AppState.swift */; };
/* End PBXBuildFile section */

/* Begin PBXContainerItemProxy section */
		C5BFBD0EC17B8CCE8D11282D /* PBXContainerItemProxy */ = {
			isa = PBXContainerItemProxy;
			containerPortal = A37453D491071F1425968DBF /* Project object */;
			proxyType = 1;
			remoteGlobalIDString = 4945AD8017B58967049595AB;
			remoteInfo = ReceiptFax;
		};
/* End PBXContainerItemProxy section */

/* Begin PBXFileReference section */
		0B33F10E2DD5F37BA0C71720 /* ComposeViewModelTests.swift */ = {isa = PBXFileReference; lastKnownFileType = sourcecode.swift; path = ComposeViewModelTests.swift; sourceTree = "<group>"; };
		215345995B057368C11908B7 /* FormattingToolbar.swift */ = {isa = PBXFileReference; lastKnownFileType = sourcecode.swift; path = FormattingToolbar.swift; sourceTree = "<group>"; };
		2CACC9F9F2C33FD63B887409 /* APIError.swift */ = {isa = PBXFileReference; lastKnownFileType = sourcecode.swift; path = APIError.swift; sourceTree = "<group>"; };
		3600925B28660DF78FB48A6B /* KeychainStoreTests.swift */ = {isa = PBXFileReference; lastKnownFileType = sourcecode.swift; path = KeychainStoreTests.swift; sourceTree = "<group>"; };
		3F64003E390A7F8F10F9BB18 /* APIClientTests.swift */ = {isa = PBXFileReference; lastKnownFileType = sourcecode.swift; path = APIClientTests.swift; sourceTree = "<group>"; };
		487FF9E43BEA0BC7DCFB775B /* ComposeViewModel.swift */ = {isa = PBXFileReference; lastKnownFileType = sourcecode.swift; path = ComposeViewModel.swift; sourceTree = "<group>"; };
		49C982380A78FC5C9C576935 /* OnboardingView.swift */ = {isa = PBXFileReference; lastKnownFileType = sourcecode.swift; path = OnboardingView.swift; sourceTree = "<group>"; };
		4A2A960DDECA44A0DD715BE8 /* ReceiptFaxTests.xctest */ = {isa = PBXFileReference; includeInIndex = 0; lastKnownFileType = wrapper.cfbundle; path = ReceiptFaxTests.xctest; sourceTree = BUILT_PRODUCTS_DIR; };
		55646081233D23F575A8940C /* MessageStore.swift */ = {isa = PBXFileReference; lastKnownFileType = sourcecode.swift; path = MessageStore.swift; sourceTree = "<group>"; };
		6B629BCB6E7FCF0BC8DDFB7D /* AuthView.swift */ = {isa = PBXFileReference; lastKnownFileType = sourcecode.swift; path = AuthView.swift; sourceTree = "<group>"; };
		7F140C968A99B8D4C3B0833E /* AppState.swift */ = {isa = PBXFileReference; lastKnownFileType = sourcecode.swift; path = AppState.swift; sourceTree = "<group>"; };
		932125961F3051C39C942B9A /* ContentView.swift */ = {isa = PBXFileReference; lastKnownFileType = sourcecode.swift; path = ContentView.swift; sourceTree = "<group>"; };
		97C744E15F58E4574715970B /* KeychainStore.swift */ = {isa = PBXFileReference; lastKnownFileType = sourcecode.swift; path = KeychainStore.swift; sourceTree = "<group>"; };
		A852209DA1778186EEC7EC91 /* URLSessionProtocol.swift */ = {isa = PBXFileReference; lastKnownFileType = sourcecode.swift; path = URLSessionProtocol.swift; sourceTree = "<group>"; };
		B3B34A59B7C7B1F5CD2C2D8B /* ReceiptFax.app */ = {isa = PBXFileReference; includeInIndex = 0; lastKnownFileType = wrapper.application; path = ReceiptFax.app; sourceTree = BUILT_PRODUCTS_DIR; };
		C329CEDA2628DB04B5B3F2F6 /* ReceiptPreview.swift */ = {isa = PBXFileReference; lastKnownFileType = sourcecode.swift; path = ReceiptPreview.swift; sourceTree = "<group>"; };
		DBE7E5DD1AEC0C8D4346BE80 /* Models.swift */ = {isa = PBXFileReference; lastKnownFileType = sourcecode.swift; path = Models.swift; sourceTree = "<group>"; };
		DDF1A85117A395B340C86BE5 /* APIClient.swift */ = {isa = PBXFileReference; lastKnownFileType = sourcecode.swift; path = APIClient.swift; sourceTree = "<group>"; };
		E464B32AFD500155F41945BC /* MockURLSession.swift */ = {isa = PBXFileReference; lastKnownFileType = sourcecode.swift; path = MockURLSession.swift; sourceTree = "<group>"; };
		EE0FBABB2F65DD0270AD35E9 /* ReceiptFaxApp.swift */ = {isa = PBXFileReference; lastKnownFileType = sourcecode.swift; path = ReceiptFaxApp.swift; sourceTree = "<group>"; };
		EF4B8BBE661438DEA83D9D56 /* APIClient+Devices.swift */ = {isa = PBXFileReference; lastKnownFileType = sourcecode.swift; path = "APIClient+Devices.swift"; sourceTree = "<group>"; };
		EFFC7A8DA90C5538CA56DFAE /* APIClient+Messages.swift */ = {isa = PBXFileReference; lastKnownFileType = sourcecode.swift; path = "APIClient+Messages.swift"; sourceTree = "<group>"; };
		F2147EE02F9754A6DF81237B /* Info.plist */ = {isa = PBXFileReference; lastKnownFileType = text.plist; path = Info.plist; sourceTree = "<group>"; };
		F2A623164FBB6EC6ABEF83DE /* ComposeView.swift */ = {isa = PBXFileReference; lastKnownFileType = sourcecode.swift; path = ComposeView.swift; sourceTree = "<group>"; };
		FDC63C6915C1FD3770502B0F /* MultipartBuilder.swift */ = {isa = PBXFileReference; lastKnownFileType = sourcecode.swift; path = MultipartBuilder.swift; sourceTree = "<group>"; };
		FFFB52A4BDF5E2508DDA1A64 /* APIClient+Auth.swift */ = {isa = PBXFileReference; lastKnownFileType = sourcecode.swift; path = "APIClient+Auth.swift"; sourceTree = "<group>"; };
/* End PBXFileReference section */

/* Begin PBXGroup section */
		19293FB7D0F69D345EF06CF5 /* Products */ = {
			isa = PBXGroup;
			children = (
				B3B34A59B7C7B1F5CD2C2D8B /* ReceiptFax.app */,
				4A2A960DDECA44A0DD715BE8 /* ReceiptFaxTests.xctest */,
			);
			name = Products;
			sourceTree = "<group>";
		};
		3ACE2EA556F7F7068799CF0B /* Compose */ = {
			isa = PBXGroup;
			children = (
				F2A623164FBB6EC6ABEF83DE /* ComposeView.swift */,
				487FF9E43BEA0BC7DCFB775B /* ComposeViewModel.swift */,
				215345995B057368C11908B7 /* FormattingToolbar.swift */,
				C329CEDA2628DB04B5B3F2F6 /* ReceiptPreview.swift */,
			);
			path = Compose;
			sourceTree = "<group>";
		};
		4C381A63E4BF563000C963D0 /* Keychain */ = {
			isa = PBXGroup;
			children = (
				97C744E15F58E4574715970B /* KeychainStore.swift */,
			);
			path = Keychain;
			sourceTree = "<group>";
		};
		7673048012DD365D20B0BF86 /* Views */ = {
			isa = PBXGroup;
			children = (
				932125961F3051C39C942B9A /* ContentView.swift */,
				3ACE2EA556F7F7068799CF0B /* Compose */,
				CC4C7FD0D9215CF2EB82AA63 /* Onboarding */,
			);
			path = Views;
			sourceTree = "<group>";
		};
		7D52AE30D1856FBC047D20C5 /* Store */ = {
			isa = PBXGroup;
			children = (
				55646081233D23F575A8940C /* MessageStore.swift */,
			);
			path = Store;
			sourceTree = "<group>";
		};
		9A3FEA33F0C905A0530E1DCA /* Helpers */ = {
			isa = PBXGroup;
			children = (
				E464B32AFD500155F41945BC /* MockURLSession.swift */,
			);
			path = Helpers;
			sourceTree = "<group>";
		};
		9A8C44617C18951A2AA5CE1B /* ReceiptFax */ = {
			isa = PBXGroup;
			children = (
				7F140C968A99B8D4C3B0833E /* AppState.swift */,
				F2147EE02F9754A6DF81237B /* Info.plist */,
				EE0FBABB2F65DD0270AD35E9 /* ReceiptFaxApp.swift */,
				4C381A63E4BF563000C963D0 /* Keychain */,
				D31E5DFFB628B09EC8B0966C /* Networking */,
				7D52AE30D1856FBC047D20C5 /* Store */,
				7673048012DD365D20B0BF86 /* Views */,
			);
			path = ReceiptFax;
			sourceTree = "<group>";
		};
		B84CE3BA1AFFB604B553860F /* ReceiptFaxTests */ = {
			isa = PBXGroup;
			children = (
				3F64003E390A7F8F10F9BB18 /* APIClientTests.swift */,
				0B33F10E2DD5F37BA0C71720 /* ComposeViewModelTests.swift */,
				3600925B28660DF78FB48A6B /* KeychainStoreTests.swift */,
				9A3FEA33F0C905A0530E1DCA /* Helpers */,
			);
			path = ReceiptFaxTests;
			sourceTree = "<group>";
		};
		CC4C7FD0D9215CF2EB82AA63 /* Onboarding */ = {
			isa = PBXGroup;
			children = (
				6B629BCB6E7FCF0BC8DDFB7D /* AuthView.swift */,
				49C982380A78FC5C9C576935 /* OnboardingView.swift */,
			);
			path = Onboarding;
			sourceTree = "<group>";
		};
		D1BA45B9DAE28C2B98FC3092 = {
			isa = PBXGroup;
			children = (
				9A8C44617C18951A2AA5CE1B /* ReceiptFax */,
				B84CE3BA1AFFB604B553860F /* ReceiptFaxTests */,
				19293FB7D0F69D345EF06CF5 /* Products */,
			);
			sourceTree = "<group>";
		};
		D31E5DFFB628B09EC8B0966C /* Networking */ = {
			isa = PBXGroup;
			children = (
				DDF1A85117A395B340C86BE5 /* APIClient.swift */,
				FFFB52A4BDF5E2508DDA1A64 /* APIClient+Auth.swift */,
				EF4B8BBE661438DEA83D9D56 /* APIClient+Devices.swift */,
				EFFC7A8DA90C5538CA56DFAE /* APIClient+Messages.swift */,
				2CACC9F9F2C33FD63B887409 /* APIError.swift */,
				DBE7E5DD1AEC0C8D4346BE80 /* Models.swift */,
				FDC63C6915C1FD3770502B0F /* MultipartBuilder.swift */,
				A852209DA1778186EEC7EC91 /* URLSessionProtocol.swift */,
			);
			path = Networking;
			sourceTree = "<group>";
		};
/* End PBXGroup section */

/* Begin PBXNativeTarget section */
		07690F57C0E45F182C365D5A /* ReceiptFaxTests */ = {
			isa = PBXNativeTarget;
			buildConfigurationList = 8C91A2B6B60C28130AC63442 /* Build configuration list for PBXNativeTarget "ReceiptFaxTests" */;
			buildPhases = (
				F8C4316053F517E1E93629F7 /* Sources */,
			);
			buildRules = (
			);
			dependencies = (
				308516CCE2779EC1D00BFDE9 /* PBXTargetDependency */,
			);
			name = ReceiptFaxTests;
			packageProductDependencies = (
			);
			productName = ReceiptFaxTests;
			productReference = 4A2A960DDECA44A0DD715BE8 /* ReceiptFaxTests.xctest */;
			productType = "com.apple.product-type.bundle.unit-test";
		};
		4945AD8017B58967049595AB /* ReceiptFax */ = {
			isa = PBXNativeTarget;
			buildConfigurationList = 0495BCD216116A4EE4FAD15A /* Build configuration list for PBXNativeTarget "ReceiptFax" */;
			buildPhases = (
				C70E952FB699891AEE210F46 /* Sources */,
			);
			buildRules = (
			);
			dependencies = (
			);
			name = ReceiptFax;
			packageProductDependencies = (
			);
			productName = ReceiptFax;
			productReference = B3B34A59B7C7B1F5CD2C2D8B /* ReceiptFax.app */;
			productType = "com.apple.product-type.application";
		};
/* End PBXNativeTarget section */

/* Begin PBXProject section */
		A37453D491071F1425968DBF /* Project object */ = {
			isa = PBXProject;
			attributes = {
				BuildIndependentTargetsInParallel = YES;
				LastUpgradeCheck = 1430;
				TargetAttributes = {
					4945AD8017B58967049595AB = {
						DevelopmentTeam = "";
					};
				};
			};
			buildConfigurationList = AF4611A13C81C14FEDBABB5B /* Build configuration list for PBXProject "ReceiptFax" */;
			developmentRegion = en;
			hasScannedForEncodings = 0;
			knownRegions = (
				Base,
				en,
			);
			mainGroup = D1BA45B9DAE28C2B98FC3092;
			minimizedProjectReferenceProxies = 1;
			preferredProjectObjectVersion = 77;
			productRefGroup = 19293FB7D0F69D345EF06CF5 /* Products */;
			projectDirPath = "";
			projectRoot = "";
			targets = (
				4945AD8017B58967049595AB /* ReceiptFax */,
				07690F57C0E45F182C365D5A /* ReceiptFaxTests */,
			);
		};
/* End PBXProject section */

/* Begin PBXSourcesBuildPhase section */
		C70E952FB699891AEE210F46 /* Sources */ = {
			isa = PBXSourcesBuildPhase;
			buildActionMask = 2147483647;
			files = (
				CFC8E3FE3A1F0584911BC1CA /* APIClient+Auth.swift in Sources */,
				CB7F080714EEEC6F4ED4019B /* APIClient+Devices.swift in Sources */,
				A70EA7465B19EF7FC551EB8F /* APIClient+Messages.swift in Sources */,
				BA4DC6B72CA7D97D95B491DF /* APIClient.swift in Sources */,
				AF06551AA17DEA53A33AF6B3 /* APIError.swift in Sources */,
				FB8727BF493F6AAABC0DC122 /* AppState.swift in Sources */,
				2C017E68F73080A3E7306C66 /* AuthView.swift in Sources */,
				61635980CA8018728E3F89B9 /* ComposeView.swift in Sources */,
				DBF8A1A84B56657C1750E781 /* ComposeViewModel.swift in Sources */,
				9EF167CADA75392065C8D749 /* ContentView.swift in Sources */,
				D03176FC8B6C380E9D611809 /* FormattingToolbar.swift in Sources */,
				29F5AD74EFB1A9F0A8587DC9 /* KeychainStore.swift in Sources */,
				788571CB35E012AEECC5A251 /* MessageStore.swift in Sources */,
				F444B2640D6D4066253226EC /* Models.swift in Sources */,
				76A43811CF5F639C4BDBE7C9 /* MultipartBuilder.swift in Sources */,
				DB429D5F116C8C049AA1E419 /* OnboardingView.swift in Sources */,
				86A451498B1DD566A3198558 /* ReceiptFaxApp.swift in Sources */,
				B5DC3BBD2F0BBFD74C5A5FA5 /* ReceiptPreview.swift in Sources */,
				7704756A69F74DCCF3F5A0FE /* URLSessionProtocol.swift in Sources */,
			);
			runOnlyForDeploymentPostprocessing = 0;
		};
		F8C4316053F517E1E93629F7 /* Sources */ = {
			isa = PBXSourcesBuildPhase;
			buildActionMask = 2147483647;
			files = (
				31BE7ED40C43FB88267BEDBC /* APIClientTests.swift in Sources */,
				CEB4CE501A0C8A888E4DEBA5 /* ComposeViewModelTests.swift in Sources */,
				2A91AFDE4F278B2E05354CC3 /* KeychainStoreTests.swift in Sources */,
				8F220CFC8AF8140A44F83AEE /* MockURLSession.swift in Sources */,
			);
			runOnlyForDeploymentPostprocessing = 0;
		};
/* End PBXSourcesBuildPhase section */

/* Begin PBXTargetDependency section */
		308516CCE2779EC1D00BFDE9 /* PBXTargetDependency */ = {
			isa = PBXTargetDependency;
			target = 4945AD8017B58967049595AB /* ReceiptFax */;
			targetProxy = C5BFBD0EC17B8CCE8D11282D /* PBXContainerItemProxy */;
		};
/* End PBXTargetDependency section */

/* Begin XCBuildConfiguration section */
		1893A71A13C5FC76018AA5F2 /* Release */ = {
			isa = XCBuildConfiguration;
			buildSettings = {
				ALWAYS_SEARCH_USER_PATHS = NO;
				CLANG_ANALYZER_NONNULL = YES;
				CLANG_ANALYZER_NUMBER_OBJECT_CONVERSION = YES_AGGRESSIVE;
				CLANG_CXX_LANGUAGE_STANDARD = "gnu++14";
				CLANG_CXX_LIBRARY = "libc++";
				CLANG_ENABLE_MODULES = YES;
				CLANG_ENABLE_OBJC_ARC = YES;
				CLANG_ENABLE_OBJC_WEAK = YES;
				CLANG_WARN_BLOCK_CAPTURE_AUTORELEASING = YES;
				CLANG_WARN_BOOL_CONVERSION = YES;
				CLANG_WARN_COMMA = YES;
				CLANG_WARN_CONSTANT_CONVERSION = YES;
				CLANG_WARN_DEPRECATED_OBJC_IMPLEMENTATIONS = YES;
				CLANG_WARN_DIRECT_OBJC_ISA_USAGE = YES_ERROR;
				CLANG_WARN_DOCUMENTATION_COMMENTS = YES;
				CLANG_WARN_EMPTY_BODY = YES;
				CLANG_WARN_ENUM_CONVERSION = YES;
				CLANG_WARN_INFINITE_RECURSION = YES;
				CLANG_WARN_INT_CONVERSION = YES;
				CLANG_WARN_NON_LITERAL_NULL_CONVERSION = YES;
				CLANG_WARN_OBJC_IMPLICIT_RETAIN_SELF = YES;
				CLANG_WARN_OBJC_LITERAL_CONVERSION = YES;
				CLANG_WARN_OBJC_ROOT_CLASS = YES_ERROR;
				CLANG_WARN_QUOTED_INCLUDE_IN_FRAMEWORK_HEADER = YES;
				CLANG_WARN_RANGE_LOOP_ANALYSIS = YES;
				CLANG_WARN_STRICT_PROTOTYPES = YES;
				CLANG_WARN_SUSPICIOUS_MOVE = YES;
				CLANG_WARN_UNGUARDED_AVAILABILITY = YES_AGGRESSIVE;
				CLANG_WARN_UNREACHABLE_CODE = YES;
				CLANG_WARN__DUPLICATE_METHOD_MATCH = YES;
				COPY_PHASE_STRIP = NO;
				DEBUG_INFORMATION_FORMAT = "dwarf-with-dsym";
				ENABLE_NS_ASSERTIONS = NO;
				ENABLE_STRICT_OBJC_MSGSEND = YES;
				GCC_C_LANGUAGE_STANDARD = gnu11;
				GCC_NO_COMMON_BLOCKS = YES;
				GCC_WARN_64_TO_32_BIT_CONVERSION = YES;
				GCC_WARN_ABOUT_RETURN_TYPE = YES_ERROR;
				GCC_WARN_UNDECLARED_SELECTOR = YES;
				GCC_WARN_UNINITIALIZED_AUTOS = YES_AGGRESSIVE;
				GCC_WARN_UNUSED_FUNCTION = YES;
				GCC_WARN_UNUSED_VARIABLE = YES;
				IPHONEOS_DEPLOYMENT_TARGET = 16.0;
				MTL_ENABLE_DEBUG_INFO = NO;
				MTL_FAST_MATH = YES;
				PRODUCT_NAME = "$(TARGET_NAME)";
				SDKROOT = iphoneos;
				SWIFT_COMPILATION_MODE = wholemodule;
				SWIFT_OPTIMIZATION_LEVEL = "-O";
				SWIFT_VERSION = 5.0;
			};
			name = Release;
		};
		224CBE0BAB14A501DF122BBD /* Debug */ = {
			isa = XCBuildConfiguration;
			buildSettings = {
				ASSETCATALOG_COMPILER_APPICON_NAME = AppIcon;
				CODE_SIGN_IDENTITY = "iPhone Developer";
				CURRENT_PROJECT_VERSION = 1;
				DEVELOPMENT_TEAM = "";
				INFOPLIST_FILE = ReceiptFax/Info.plist;
				LD_RUNPATH_SEARCH_PATHS = (
					"$(inherited)",
					"@executable_path/Frameworks",
				);
				MARKETING_VERSION = 1.0.0;
				PRODUCT_BUNDLE_IDENTIFIER = com.receiptfax.app;
				SDKROOT = iphoneos;
				SWIFT_VERSION = 5.9;
				TARGETED_DEVICE_FAMILY = "1,2";
			};
			name = Debug;
		};
		4CBDAE2D7FFF8D970736EA84 /* Release */ = {
			isa = XCBuildConfiguration;
			buildSettings = {
				ASSETCATALOG_COMPILER_APPICON_NAME = AppIcon;
				CODE_SIGN_IDENTITY = "iPhone Developer";
				CURRENT_PROJECT_VERSION = 1;
				DEVELOPMENT_TEAM = "";
				INFOPLIST_FILE = ReceiptFax/Info.plist;
				LD_RUNPATH_SEARCH_PATHS = (
					"$(inherited)",
					"@executable_path/Frameworks",
				);
				MARKETING_VERSION = 1.0.0;
				PRODUCT_BUNDLE_IDENTIFIER = com.receiptfax.app;
				SDKROOT = iphoneos;
				SWIFT_VERSION = 5.9;
				TARGETED_DEVICE_FAMILY = "1,2";
			};
			name = Release;
		};
		B67E5FE25DCBC6F92ACDCF81 /* Debug */ = {
			isa = XCBuildConfiguration;
			buildSettings = {
				ALWAYS_SEARCH_USER_PATHS = NO;
				CLANG_ANALYZER_NONNULL = YES;
				CLANG_ANALYZER_NUMBER_OBJECT_CONVERSION = YES_AGGRESSIVE;
				CLANG_CXX_LANGUAGE_STANDARD = "gnu++14";
				CLANG_CXX_LIBRARY = "libc++";
				CLANG_ENABLE_MODULES = YES;
				CLANG_ENABLE_OBJC_ARC = YES;
				CLANG_ENABLE_OBJC_WEAK = YES;
				CLANG_WARN_BLOCK_CAPTURE_AUTORELEASING = YES;
				CLANG_WARN_BOOL_CONVERSION = YES;
				CLANG_WARN_COMMA = YES;
				CLANG_WARN_CONSTANT_CONVERSION = YES;
				CLANG_WARN_DEPRECATED_OBJC_IMPLEMENTATIONS = YES;
				CLANG_WARN_DIRECT_OBJC_ISA_USAGE = YES_ERROR;
				CLANG_WARN_DOCUMENTATION_COMMENTS = YES;
				CLANG_WARN_EMPTY_BODY = YES;
				CLANG_WARN_ENUM_CONVERSION = YES;
				CLANG_WARN_INFINITE_RECURSION = YES;
				CLANG_WARN_INT_CONVERSION = YES;
				CLANG_WARN_NON_LITERAL_NULL_CONVERSION = YES;
				CLANG_WARN_OBJC_IMPLICIT_RETAIN_SELF = YES;
				CLANG_WARN_OBJC_LITERAL_CONVERSION = YES;
				CLANG_WARN_OBJC_ROOT_CLASS = YES_ERROR;
				CLANG_WARN_QUOTED_INCLUDE_IN_FRAMEWORK_HEADER = YES;
				CLANG_WARN_RANGE_LOOP_ANALYSIS = YES;
				CLANG_WARN_STRICT_PROTOTYPES = YES;
				CLANG_WARN_SUSPICIOUS_MOVE = YES;
				CLANG_WARN_UNGUARDED_AVAILABILITY = YES_AGGRESSIVE;
				CLANG_WARN_UNREACHABLE_CODE = YES;
				CLANG_WARN__DUPLICATE_METHOD_MATCH = YES;
				COPY_PHASE_STRIP = NO;
				DEBUG_INFORMATION_FORMAT = dwarf;
				ENABLE_STRICT_OBJC_MSGSEND = YES;
				ENABLE_TESTABILITY = YES;
				GCC_C_LANGUAGE_STANDARD = gnu11;
				GCC_DYNAMIC_NO_PIC = NO;
				GCC_NO_COMMON_BLOCKS = YES;
				GCC_OPTIMIZATION_LEVEL = 0;
				GCC_PREPROCESSOR_DEFINITIONS = (
					"$(inherited)",
					"DEBUG=1",
				);
				GCC_WARN_64_TO_32_BIT_CONVERSION = YES;
				GCC_WARN_ABOUT_RETURN_TYPE = YES_ERROR;
				GCC_WARN_UNDECLARED_SELECTOR = YES;
				GCC_WARN_UNINITIALIZED_AUTOS = YES_AGGRESSIVE;
				GCC_WARN_UNUSED_FUNCTION = YES;
				GCC_WARN_UNUSED_VARIABLE = YES;
				IPHONEOS_DEPLOYMENT_TARGET = 16.0;
				MTL_ENABLE_DEBUG_INFO = INCLUDE_SOURCE;
				MTL_FAST_MATH = YES;
				ONLY_ACTIVE_ARCH = YES;
				PRODUCT_NAME = "$(TARGET_NAME)";
				SDKROOT = iphoneos;
				SWIFT_ACTIVE_COMPILATION_CONDITIONS = DEBUG;
				SWIFT_OPTIMIZATION_LEVEL = "-Onone";
				SWIFT_VERSION = 5.0;
			};
			name = Debug;
		};
		E0D16D302E01E6CCCB91016B /* Debug */ = {
			isa = XCBuildConfiguration;
			buildSettings = {
				BUNDLE_LOADER = "$(TEST_HOST)";
				GENERATE_INFOPLIST_FILE = YES;
				LD_RUNPATH_SEARCH_PATHS = (
					"$(inherited)",
					"@executable_path/Frameworks",
					"@loader_path/Frameworks",
				);
				PRODUCT_BUNDLE_IDENTIFIER = com.receiptfax.ReceiptFaxTests;
				SDKROOT = iphoneos;
				SWIFT_VERSION = 5.9;
				TARGETED_DEVICE_FAMILY = "1,2";
				TEST_HOST = "$(BUILT_PRODUCTS_DIR)/ReceiptFax.app/ReceiptFax";
			};
			name = Debug;
		};
		F19BDBD94A87750D5BBB8217 /* Release */ = {
			isa = XCBuildConfiguration;
			buildSettings = {
				BUNDLE_LOADER = "$(TEST_HOST)";
				GENERATE_INFOPLIST_FILE = YES;
				LD_RUNPATH_SEARCH_PATHS = (
					"$(inherited)",
					"@executable_path/Frameworks",
					"@loader_path/Frameworks",
				);
				PRODUCT_BUNDLE_IDENTIFIER = com.receiptfax.ReceiptFaxTests;
				SDKROOT = iphoneos;
				SWIFT_VERSION = 5.9;
				TARGETED_DEVICE_FAMILY = "1,2";
				TEST_HOST = "$(BUILT_PRODUCTS_DIR)/ReceiptFax.app/ReceiptFax";
			};
			name = Release;
		};
/* End XCBuildConfiguration section */

/* Begin XCConfigurationList section */
		0495BCD216116A4EE4FAD15A /* Build configuration list for PBXNativeTarget "ReceiptFax" */ = {
			isa = XCConfigurationList;
			buildConfigurations = (
				224CBE0BAB14A501DF122BBD /* Debug */,
				4CBDAE2D7FFF8D970736EA84 /* Release */,
			);
			defaultConfigurationIsVisible = 0;
			defaultConfigurationName = Debug;
		};
		8C91A2B6B60C28130AC63442 /* Build configuration list for PBXNativeTarget "ReceiptFaxTests" */ = {
			isa = XCConfigurationList;
			buildConfigurations = (
				E0D16D302E01E6CCCB91016B /* Debug */,
				F19BDBD94A87750D5BBB8217 /* Release */,
			);
			defaultConfigurationIsVisible = 0;
			defaultConfigurationName = Debug;
		};
		AF4611A13C81C14FEDBABB5B /* Build configuration list for PBXProject "ReceiptFax" */ = {
			isa = XCConfigurationList;
			buildConfigurations = (
				B67E5FE25DCBC6F92ACDCF81 /* Debug */,
				1893A71A13C5FC76018AA5F2 /* Release */,
			);
			defaultConfigurationIsVisible = 0;
			defaultConfigurationName = Debug;
		};
/* End XCConfigurationList section */
	};
	rootObject = A37453D491071F1425968DBF /* Project object */;
}
